{
  "name": "@spuentesp/lain-mcp",
  "version": "0.7.4-rc1",
  "lockfileVersion": 3,
  "requires": true,
  "packages": {
    "": {
      "name": "@spuentesp/lain-mcp",
      "version": "0.7.4-rc1",
      "cpu": [
        "x64",
        "arm64"
      ],
      "hasInstallScript": true,
      "license": "MIT",
      "os": [
        "darwin",
        "linux",
        "win32"
      ],
      "bin": {
        "lain": "bin/lain.js"
      },
      "engines": {
        "node": ">=18.0.0"
      }
    }
  }
}
